# This file is generated by running "yarn install" inside your project.
# Manual changes might be lost - proceed with caution!

__metadata:
  version: 8
  cacheKey: 10c0

"@braintree/sanitize-url@npm:^6.0.1":
  version: 6.0.4
  resolution: "@braintree/sanitize-url@npm:6.0.4"
  checksum: 5d7bac57f3e49931db83f65aaa4fd22f96caa323bf0c7fcf6851fdbed179a8cf29eaa5dd372d340fc51ca5f44345ea5bc0196b36c8b16179888a7c9044313420
  languageName: node
  linkType: hard

"@esbuild/aix-ppc64@npm:0.21.5":
  version: 0.21.5
  resolution: "@esbuild/aix-ppc64@npm:0.21.5"
  conditions: os=aix & cpu=ppc64
  languageName: node
  linkType: hard

"@esbuild/android-arm64@npm:0.21.5":
  version: 0.21.5
  resolution: "@esbuild/android-arm64@npm:0.21.5"
  conditions: os=android & cpu=arm64
  languageName: node
  linkType: hard

"@esbuild/android-arm@npm:0.21.5":
  version: 0.21.5
  resolution: "@esbuild/android-arm@npm:0.21.5"
  conditions: os=android & cpu=arm
  languageName: node
  linkType: hard

"@esbuild/android-x64@npm:0.21.5":
  version: 0.21.5
  resolution: "@esbuild/android-x64@npm:0.21.5"
  conditions: os=android & cpu=x64
  languageName: node
  linkType: hard

"@esbuild/darwin-arm64@npm:0.21.5":
  version: 0.21.5
  resolution: "@esbuild/darwin-arm64@npm:0.21.5"
  conditions: os=darwin & cpu=arm64
  languageName: node
  linkType: hard

"@esbuild/darwin-x64@npm:0.21.5":
  version: 0.21.5
  resolution: "@esbuild/darwin-x64@npm:0.21.5"
  conditions: os=darwin & cpu=x64
  languageName: node
  linkType: hard

"@esbuild/freebsd-arm64@npm:0.21.5":
  version: 0.21.5
  resolution: "@esbuild/freebsd-arm64@npm:0.21.5"
  conditions: os=freebsd & cpu=arm64
  languageName: node
  linkType: hard

"@esbuild/freebsd-x64@npm:0.21.5":
  version: 0.21.5
  resolution: "@esbuild/freebsd-x64@npm:0.21.5"
  conditions: os=freebsd & cpu=x64
  languageName: node
  linkType: hard

"@esbuild/linux-arm64@npm:0.21.5":
  version: 0.21.5
  resolution: "@esbuild/linux-arm64@npm:0.21.5"
  conditions: os=linux & cpu=arm64
  languageName: node
  linkType: hard

"@esbuild/linux-arm@npm:0.21.5":
  version: 0.21.5
  resolution: "@esbuild/linux-arm@npm:0.21.5"
  conditions: os=linux & cpu=arm
  languageName: node
  linkType: hard

"@esbuild/linux-ia32@npm:0.21.5":
  version: 0.21.5
  resolution: "@esbuild/linux-ia32@npm:0.21.5"
  conditions: os=linux & cpu=ia32
  languageName: node
  linkType: hard

"@esbuild/linux-loong64@npm:0.21.5":
  version: 0.21.5
  resolution: "@esbuild/linux-loong64@npm:0.21.5"
  conditions: os=linux & cpu=loong64
  languageName: node
  linkType: hard

"@esbuild/linux-mips64el@npm:0.21.5":
  version: 0.21.5
  resolution: "@esbuild/linux-mips64el@npm:0.21.5"
  conditions: os=linux & cpu=mips64el
  languageName: node
  linkType: hard

"@esbuild/linux-ppc64@npm:0.21.5":
  version: 0.21.5
  resolution: "@esbuild/linux-ppc64@npm:0.21.5"
  conditions: os=linux & cpu=ppc64
  languageName: node
  linkType: hard

"@esbuild/linux-riscv64@npm:0.21.5":
  version: 0.21.5
  resolution: "@esbuild/linux-riscv64@npm:0.21.5"
  conditions: os=linux & cpu=riscv64
  languageName: node
  linkType: hard

"@esbuild/linux-s390x@npm:0.21.5":
  version: 0.21.5
  resolution: "@esbuild/linux-s390x@npm:0.21.5"
  conditions: os=linux & cpu=s390x
  languageName: node
  linkType: hard

"@esbuild/linux-x64@npm:0.21.5":
  version: 0.21.5
  resolution: "@esbuild/linux-x64@npm:0.21.5"
  conditions: os=linux & cpu=x64
  languageName: node
  linkType: hard

"@esbuild/netbsd-x64@npm:0.21.5":
  version: 0.21.5
  resolution: "@esbuild/netbsd-x64@npm:0.21.5"
  conditions: os=netbsd & cpu=x64
  languageName: node
  linkType: hard

"@esbuild/openbsd-x64@npm:0.21.5":
  version: 0.21.5
  resolution: "@esbuild/openbsd-x64@npm:0.21.5"
  conditions: os=openbsd & cpu=x64
  languageName: node
  linkType: hard

"@esbuild/sunos-x64@npm:0.21.5":
  version: 0.21.5
  resolution: "@esbuild/sunos-x64@npm:0.21.5"
  conditions: os=sunos & cpu=x64
  languageName: node
  linkType: hard

"@esbuild/win32-arm64@npm:0.21.5":
  version: 0.21.5
  resolution: "@esbuild/win32-arm64@npm:0.21.5"
  conditions: os=win32 & cpu=arm64
  languageName: node
  linkType: hard

"@esbuild/win32-ia32@npm:0.21.5":
  version: 0.21.5
  resolution: "@esbuild/win32-ia32@npm:0.21.5"
  conditions: os=win32 & cpu=ia32
  languageName: node
  linkType: hard

"@esbuild/win32-x64@npm:0.21.5":
  version: 0.21.5
  resolution: "@esbuild/win32-x64@npm:0.21.5"
  conditions: os=win32 & cpu=x64
  languageName: node
  linkType: hard

"@hotwired/stimulus@npm:^3.2.2":
  version: 3.2.2
  resolution: "@hotwired/stimulus@npm:3.2.2"
  checksum: 3793919e353d28424f57d07e6b634bf6e8821c227acfa2a608aaa8bdfe7e80479acef12705168ca866f3c231399f4a939fb0cd089aaae04c406b3d885a3b35ea
  languageName: node
  linkType: hard

"@hotwired/turbo@npm:^8.0.4":
  version: 8.0.4
  resolution: "@hotwired/turbo@npm:8.0.4"
  checksum: 3e7174d550adf3b9a0a4c45ff5d1b71d47c20de6ae01f646fbbaf8ed447677bd1a5fb6dbd46e95b14645a663fe58a6187c1c6d2a688b0981b5cf437379c5e00a
  languageName: node
  linkType: hard

"@types/d3-scale-chromatic@npm:^3.0.0":
  version: 3.0.3
  resolution: "@types/d3-scale-chromatic@npm:3.0.3"
  checksum: 2f48c6f370edba485b57b73573884ded71914222a4580140ff87ee96e1d55ccd05b1d457f726e234a31269b803270ac95d5554229ab6c43c7e4a9894e20dd490
  languageName: node
  linkType: hard

"@types/d3-scale@npm:^4.0.3":
  version: 4.0.8
  resolution: "@types/d3-scale@npm:4.0.8"
  dependencies:
    "@types/d3-time": "npm:*"
  checksum: 57de90e4016f640b83cb960b7e3a0ab3ed02e720898840ddc5105264ffcfea73336161442fdc91895377c2d2f91904d637282f16852b8535b77e15a761c8e99e
  languageName: node
  linkType: hard

"@types/d3-time@npm:*":
  version: 3.0.3
  resolution: "@types/d3-time@npm:3.0.3"
  checksum: 245a8aadca504df27edf730de502e47a68f16ae795c86b5ca35e7afa91c133aa9ef4d08778f8cf1ed2be732f89a4105ba4b437ce2afbdfd17d3d937b6ba5f568
  languageName: node
  linkType: hard

"@types/debug@npm:^4.0.0":
  version: 4.1.12
  resolution: "@types/debug@npm:4.1.12"
  dependencies:
    "@types/ms": "npm:*"
  checksum: 5dcd465edbb5a7f226e9a5efd1f399c6172407ef5840686b73e3608ce135eeca54ae8037dcd9f16bdb2768ac74925b820a8b9ecc588a58ca09eca6acabe33e2f
  languageName: node
  linkType: hard

"@types/hotwired__turbo@npm:^8":
  version: 8.0.1
  resolution: "@types/hotwired__turbo@npm:8.0.1"
  checksum: 39d95c6e5293b31e63166aa6eef9e03cdd9378d840e6942a91e4ec95659af4b57ea50e5e08ebe359ca39cb2253d18d1946b2c5e069c042912eec791a5232cfe8
  languageName: node
  linkType: hard

"@types/mdast@npm:^3.0.0":
  version: 3.0.15
  resolution: "@types/mdast@npm:3.0.15"
  dependencies:
    "@types/unist": "npm:^2"
  checksum: fcbf716c03d1ed5465deca60862e9691414f9c43597c288c7d2aefbe274552e1bbd7aeee91b88a02597e88a28c139c57863d0126fcf8416a95fdc681d054ee3d
  languageName: node
  linkType: hard

"@types/ms@npm:*":
  version: 0.7.34
  resolution: "@types/ms@npm:0.7.34"
  checksum: ac80bd90012116ceb2d188fde62d96830ca847823e8ca71255616bc73991aa7d9f057b8bfab79e8ee44ffefb031ddd1bcce63ea82f9e66f7c31ec02d2d823ccc
  languageName: node
  linkType: hard

"@types/unist@npm:^2, @types/unist@npm:^2.0.0":
  version: 2.0.10
  resolution: "@types/unist@npm:2.0.10"
  checksum: 5f247dc2229944355209ad5c8e83cfe29419fa7f0a6d557421b1985a1500444719cc9efcc42c652b55aab63c931813c88033e0202c1ac684bcd4829d66e44731
  languageName: node
  linkType: hard

"character-entities@npm:^2.0.0":
  version: 2.0.2
  resolution: "character-entities@npm:2.0.2"
  checksum: b0c645a45bcc90ff24f0e0140f4875a8436b8ef13b6bcd31ec02cfb2ca502b680362aa95386f7815bdc04b6464d48cf191210b3840d7c04241a149ede591a308
  languageName: node
  linkType: hard

"commander@npm:7":
  version: 7.2.0
  resolution: "commander@npm:7.2.0"
  checksum: 8d690ff13b0356df7e0ebbe6c59b4712f754f4b724d4f473d3cc5b3fdcf978e3a5dc3078717858a2ceb50b0f84d0660a7f22a96cdc50fb877d0c9bb31593d23a
  languageName: node
  linkType: hard

"commander@npm:^8.3.0":
  version: 8.3.0
  resolution: "commander@npm:8.3.0"
  checksum: 8b043bb8322ea1c39664a1598a95e0495bfe4ca2fad0d84a92d7d1d8d213e2a155b441d2470c8e08de7c4a28cf2bc6e169211c49e1b21d9f7edc6ae4d9356060
  languageName: node
  linkType: hard

"cose-base@npm:^1.0.0":
  version: 1.0.3
  resolution: "cose-base@npm:1.0.3"
  dependencies:
    layout-base: "npm:^1.0.0"
  checksum: a6e400b1d101393d6af0967c1353355777c1106c40417c5acaef6ca8bdda41e2fc9398f466d6c85be30290943ad631f2590569f67b3fd5368a0d8318946bd24f
  languageName: node
  linkType: hard

"cytoscape-cose-bilkent@npm:^4.1.0":
  version: 4.1.0
  resolution: "cytoscape-cose-bilkent@npm:4.1.0"
  dependencies:
    cose-base: "npm:^1.0.0"
  peerDependencies:
    cytoscape: ^3.2.0
  checksum: 5e2480ddba9da1a68e700ed2c674cbfd51e9efdbd55788f1971a68de4eb30708e3b3a5e808bf5628f7a258680406bbe6586d87a9133e02a9bdc1ab1a92f512f2
  languageName: node
  linkType: hard

"cytoscape@npm:^3.28.1":
  version: 3.30.0
  resolution: "cytoscape@npm:3.30.0"
  checksum: ffd463f27975b7d979c6f1a8c3472d95cbe2d75dc820aac27ad3e253eaa877da4c7ed4632a341394d911ba1804c5786a292a56387bbb34fcf0c9db69286e123e
  languageName: node
  linkType: hard

"d3-array@npm:1 - 2":
  version: 2.12.1
  resolution: "d3-array@npm:2.12.1"
  dependencies:
    internmap: "npm:^1.0.0"
  checksum: 7eca10427a9f113a4ca6a0f7301127cab26043fd5e362631ef5a0edd1c4b2dd70c56ed317566700c31e4a6d88b55f3951aaba192291817f243b730cb2352882e
  languageName: node
  linkType: hard

"d3-array@npm:2 - 3, d3-array@npm:2.10.0 - 3, d3-array@npm:2.5.0 - 3, d3-array@npm:3, d3-array@npm:^3.2.0":
  version: 3.2.4
  resolution: "d3-array@npm:3.2.4"
  dependencies:
    internmap: "npm:1 - 2"
  checksum: 08b95e91130f98c1375db0e0af718f4371ccacef7d5d257727fe74f79a24383e79aba280b9ffae655483ffbbad4fd1dec4ade0119d88c4749f388641c8bf8c50
  languageName: node
  linkType: hard

"d3-axis@npm:3":
  version: 3.0.0
  resolution: "d3-axis@npm:3.0.0"
  checksum: a271e70ba1966daa5aaf6a7f959ceca3e12997b43297e757c7b945db2e1ead3c6ee226f2abcfa22abbd4e2e28bd2b71a0911794c4e5b911bbba271328a582c78
  languageName: node
  linkType: hard

"d3-brush@npm:3":
  version: 3.0.0
  resolution: "d3-brush@npm:3.0.0"
  dependencies:
    d3-dispatch: "npm:1 - 3"
    d3-drag: "npm:2 - 3"
    d3-interpolate: "npm:1 - 3"
    d3-selection: "npm:3"
    d3-transition: "npm:3"
  checksum: 07baf00334c576da2f68a91fc0da5732c3a5fa19bd3d7aed7fd24d1d674a773f71a93e9687c154176f7246946194d77c48c2d8fed757f5dcb1a4740067ec50a8
  languageName: node
  linkType: hard

"d3-chord@npm:3":
  version: 3.0.1
  resolution: "d3-chord@npm:3.0.1"
  dependencies:
    d3-path: "npm:1 - 3"
  checksum: baa6013914af3f4fe1521f0d16de31a38eb8a71d08ff1dec4741f6f45a828661e5cd3935e39bd14e3032bdc78206c283ca37411da21d46ec3cfc520be6e7a7ce
  languageName: node
  linkType: hard

"d3-color@npm:1 - 3, d3-color@npm:3":
  version: 3.1.0
  resolution: "d3-color@npm:3.1.0"
  checksum: a4e20e1115fa696fce041fbe13fbc80dc4c19150fa72027a7c128ade980bc0eeeba4bcf28c9e21f0bce0e0dbfe7ca5869ef67746541dcfda053e4802ad19783c
  languageName: node
  linkType: hard

"d3-contour@npm:4":
  version: 4.0.2
  resolution: "d3-contour@npm:4.0.2"
  dependencies:
    d3-array: "npm:^3.2.0"
  checksum: 98bc5fbed6009e08707434a952076f39f1cd6ed8b9288253cc3e6a3286e4e80c63c62d84954b20e64bf6e4ededcc69add54d3db25e990784a59c04edd3449032
  languageName: node
  linkType: hard

"d3-delaunay@npm:6":
  version: 6.0.4
  resolution: "d3-delaunay@npm:6.0.4"
  dependencies:
    delaunator: "npm:5"
  checksum: 57c3aecd2525664b07c4c292aa11cf49b2752c0cf3f5257f752999399fe3c592de2d418644d79df1f255471eec8057a9cc0c3062ed7128cb3348c45f69597754
  languageName: node
  linkType: hard

"d3-dispatch@npm:1 - 3, d3-dispatch@npm:3":
  version: 3.0.1
  resolution: "d3-dispatch@npm:3.0.1"
  checksum: 6eca77008ce2dc33380e45d4410c67d150941df7ab45b91d116dbe6d0a3092c0f6ac184dd4602c796dc9e790222bad3ff7142025f5fd22694efe088d1d941753
  languageName: node
  linkType: hard

"d3-drag@npm:2 - 3, d3-drag@npm:3":
  version: 3.0.0
  resolution: "d3-drag@npm:3.0.0"
  dependencies:
    d3-dispatch: "npm:1 - 3"
    d3-selection: "npm:3"
  checksum: d2556e8dc720741a443b595a30af403dd60642dfd938d44d6e9bfc4c71a962142f9a028c56b61f8b4790b65a34acad177d1263d66f103c3c527767b0926ef5aa
  languageName: node
  linkType: hard

"d3-dsv@npm:1 - 3, d3-dsv@npm:3":
  version: 3.0.1
  resolution: "d3-dsv@npm:3.0.1"
  dependencies:
    commander: "npm:7"
    iconv-lite: "npm:0.6"
    rw: "npm:1"
  bin:
    csv2json: bin/dsv2json.js
    csv2tsv: bin/dsv2dsv.js
    dsv2dsv: bin/dsv2dsv.js
    dsv2json: bin/dsv2json.js
    json2csv: bin/json2dsv.js
    json2dsv: bin/json2dsv.js
    json2tsv: bin/json2dsv.js
    tsv2csv: bin/dsv2dsv.js
    tsv2json: bin/dsv2json.js
  checksum: 10e6af9e331950ed258f34ab49ac1b7060128ef81dcf32afc790bd1f7e8c3cc2aac7f5f875250a83f21f39bb5925fbd0872bb209f8aca32b3b77d32bab8a65ab
  languageName: node
  linkType: hard

"d3-ease@npm:1 - 3, d3-ease@npm:3":
  version: 3.0.1
  resolution: "d3-ease@npm:3.0.1"
  checksum: fec8ef826c0cc35cda3092c6841e07672868b1839fcaf556e19266a3a37e6bc7977d8298c0fcb9885e7799bfdcef7db1baaba9cd4dcf4bc5e952cf78574a88b0
  languageName: node
  linkType: hard

"d3-fetch@npm:3":
  version: 3.0.1
  resolution: "d3-fetch@npm:3.0.1"
  dependencies:
    d3-dsv: "npm:1 - 3"
  checksum: 4f467a79bf290395ac0cbb5f7562483f6a18668adc4c8eb84c9d3eff048b6f6d3b6f55079ba1ebf1908dabe000c941d46be447f8d78453b2dad5fb59fb6aa93b
  languageName: node
  linkType: hard

"d3-force@npm:3":
  version: 3.0.0
  resolution: "d3-force@npm:3.0.0"
  dependencies:
    d3-dispatch: "npm:1 - 3"
    d3-quadtree: "npm:1 - 3"
    d3-timer: "npm:1 - 3"
  checksum: 220a16a1a1ac62ba56df61028896e4b52be89c81040d20229c876efc8852191482c233f8a52bb5a4e0875c321b8e5cb6413ef3dfa4d8fe79eeb7d52c587f52cf
  languageName: node
  linkType: hard

"d3-format@npm:1 - 3, d3-format@npm:3":
  version: 3.1.0
  resolution: "d3-format@npm:3.1.0"
  checksum: 049f5c0871ebce9859fc5e2f07f336b3c5bfff52a2540e0bac7e703fce567cd9346f4ad1079dd18d6f1e0eaa0599941c1810898926f10ac21a31fd0a34b4aa75
  languageName: node
  linkType: hard

"d3-geo@npm:3":
  version: 3.1.1
  resolution: "d3-geo@npm:3.1.1"
  dependencies:
    d3-array: "npm:2.5.0 - 3"
  checksum: d32270dd2dc8ac3ea63e8805d63239c4c8ec6c0d339d73b5e5a30a87f8f54db22a78fb434369799465eae169503b25f9a107c642c8a16c32a3285bc0e6d8e8c1
  languageName: node
  linkType: hard

"d3-hierarchy@npm:3":
  version: 3.1.2
  resolution: "d3-hierarchy@npm:3.1.2"
  checksum: 6dcdb480539644aa7fc0d72dfc7b03f99dfbcdf02714044e8c708577e0d5981deb9d3e99bbbb2d26422b55bcc342ac89a0fa2ea6c9d7302e2fc0951dd96f89cf
  languageName: node
  linkType: hard

"d3-interpolate@npm:1 - 3, d3-interpolate@npm:1.2.0 - 3, d3-interpolate@npm:3":
  version: 3.0.1
  resolution: "d3-interpolate@npm:3.0.1"
  dependencies:
    d3-color: "npm:1 - 3"
  checksum: 19f4b4daa8d733906671afff7767c19488f51a43d251f8b7f484d5d3cfc36c663f0a66c38fe91eee30f40327443d799be17169f55a293a3ba949e84e57a33e6a
  languageName: node
  linkType: hard

"d3-path@npm:1":
  version: 1.0.9
  resolution: "d3-path@npm:1.0.9"
  checksum: e35e84df5abc18091f585725b8235e1fa97efc287571585427d3a3597301e6c506dea56b11dfb3c06ca5858b3eb7f02c1bf4f6a716aa9eade01c41b92d497eb5
  languageName: node
  linkType: hard

"d3-path@npm:1 - 3, d3-path@npm:3, d3-path@npm:^3.1.0":
  version: 3.1.0
  resolution: "d3-path@npm:3.1.0"
  checksum: dc1d58ec87fa8319bd240cf7689995111a124b141428354e9637aa83059eb12e681f77187e0ada5dedfce346f7e3d1f903467ceb41b379bfd01cd8e31721f5da
  languageName: node
  linkType: hard

"d3-polygon@npm:3":
  version: 3.0.1
  resolution: "d3-polygon@npm:3.0.1"
  checksum: e236aa7f33efa9a4072907af7dc119f85b150a0716759d4fe5f12f62573018264a6cbde8617fbfa6944a7ae48c1c0c8d3f39ae72e11f66dd471e9b5e668385df
  languageName: node
  linkType: hard

"d3-quadtree@npm:1 - 3, d3-quadtree@npm:3":
  version: 3.0.1
  resolution: "d3-quadtree@npm:3.0.1"
  checksum: 18302d2548bfecaef788152397edec95a76400fd97d9d7f42a089ceb68d910f685c96579d74e3712d57477ed042b056881b47cd836a521de683c66f47ce89090
  languageName: node
  linkType: hard

"d3-random@npm:3":
  version: 3.0.1
  resolution: "d3-random@npm:3.0.1"
  checksum: 987a1a1bcbf26e6cf01fd89d5a265b463b2cea93560fc17d9b1c45e8ed6ff2db5924601bcceb808de24c94133f000039eb7fa1c469a7a844ccbf1170cbb25b41
  languageName: node
  linkType: hard

"d3-sankey@npm:^0.12.3":
  version: 0.12.3
  resolution: "d3-sankey@npm:0.12.3"
  dependencies:
    d3-array: "npm:1 - 2"
    d3-shape: "npm:^1.2.0"
  checksum: 261debb01a13269f6fc53b9ebaef174a015d5ad646242c23995bf514498829ab8b8f920a7873724a7494288b46bea3ce7ebc5a920b745bc8ae4caa5885cf5204
  languageName: node
  linkType: hard

"d3-scale-chromatic@npm:3":
  version: 3.1.0
  resolution: "d3-scale-chromatic@npm:3.1.0"
  dependencies:
    d3-color: "npm:1 - 3"
    d3-interpolate: "npm:1 - 3"
  checksum: 9a3f4671ab0b971f4a411b42180d7cf92bfe8e8584e637ce7e698d705e18d6d38efbd20ec64f60cc0dfe966c20d40fc172565bc28aaa2990c0a006360eed91af
  languageName: node
  linkType: hard

"d3-scale@npm:4":
  version: 4.0.2
  resolution: "d3-scale@npm:4.0.2"
  dependencies:
    d3-array: "npm:2.10.0 - 3"
    d3-format: "npm:1 - 3"
    d3-interpolate: "npm:1.2.0 - 3"
    d3-time: "npm:2.1.1 - 3"
    d3-time-format: "npm:2 - 4"
  checksum: 65d9ad8c2641aec30ed5673a7410feb187a224d6ca8d1a520d68a7d6eac9d04caedbff4713d1e8545be33eb7fec5739983a7ab1d22d4e5ad35368c6729d362f1
  languageName: node
  linkType: hard

"d3-selection@npm:2 - 3, d3-selection@npm:3":
  version: 3.0.0
  resolution: "d3-selection@npm:3.0.0"
  checksum: e59096bbe8f0cb0daa1001d9bdd6dbc93a688019abc97d1d8b37f85cd3c286a6875b22adea0931b0c88410d025563e1643019161a883c516acf50c190a11b56b
  languageName: node
  linkType: hard

"d3-shape@npm:3":
  version: 3.2.0
  resolution: "d3-shape@npm:3.2.0"
  dependencies:
    d3-path: "npm:^3.1.0"
  checksum: f1c9d1f09926daaf6f6193ae3b4c4b5521e81da7d8902d24b38694517c7f527ce3c9a77a9d3a5722ad1e3ff355860b014557b450023d66a944eabf8cfde37132
  languageName: node
  linkType: hard

"d3-shape@npm:^1.2.0":
  version: 1.3.7
  resolution: "d3-shape@npm:1.3.7"
  dependencies:
    d3-path: "npm:1"
  checksum: 548057ce59959815decb449f15632b08e2a1bdce208f9a37b5f98ec7629dda986c2356bc7582308405ce68aedae7d47b324df41507404df42afaf352907577ae
  languageName: node
  linkType: hard

"d3-time-format@npm:2 - 4, d3-time-format@npm:4":
  version: 4.1.0
  resolution: "d3-time-format@npm:4.1.0"
  dependencies:
    d3-time: "npm:1 - 3"
  checksum: 735e00fb25a7fd5d418fac350018713ae394eefddb0d745fab12bbff0517f9cdb5f807c7bbe87bb6eeb06249662f8ea84fec075f7d0cd68609735b2ceb29d206
  languageName: node
  linkType: hard

"d3-time@npm:1 - 3, d3-time@npm:2.1.1 - 3, d3-time@npm:3":
  version: 3.1.0
  resolution: "d3-time@npm:3.1.0"
  dependencies:
    d3-array: "npm:2 - 3"
  checksum: a984f77e1aaeaa182679b46fbf57eceb6ebdb5f67d7578d6f68ef933f8eeb63737c0949991618a8d29472dbf43736c7d7f17c452b2770f8c1271191cba724ca1
  languageName: node
  linkType: hard

"d3-timer@npm:1 - 3, d3-timer@npm:3":
  version: 3.0.1
  resolution: "d3-timer@npm:3.0.1"
  checksum: d4c63cb4bb5461d7038aac561b097cd1c5673969b27cbdd0e87fa48d9300a538b9e6f39b4a7f0e3592ef4f963d858c8a9f0e92754db73116770856f2fc04561a
  languageName: node
  linkType: hard

"d3-transition@npm:2 - 3, d3-transition@npm:3":
  version: 3.0.1
  resolution: "d3-transition@npm:3.0.1"
  dependencies:
    d3-color: "npm:1 - 3"
    d3-dispatch: "npm:1 - 3"
    d3-ease: "npm:1 - 3"
    d3-interpolate: "npm:1 - 3"
    d3-timer: "npm:1 - 3"
  peerDependencies:
    d3-selection: 2 - 3
  checksum: 4e74535dda7024aa43e141635b7522bb70cf9d3dfefed975eb643b36b864762eca67f88fafc2ca798174f83ca7c8a65e892624f824b3f65b8145c6a1a88dbbad
  languageName: node
  linkType: hard

"d3-zoom@npm:3":
  version: 3.0.0
  resolution: "d3-zoom@npm:3.0.0"
  dependencies:
    d3-dispatch: "npm:1 - 3"
    d3-drag: "npm:2 - 3"
    d3-interpolate: "npm:1 - 3"
    d3-selection: "npm:2 - 3"
    d3-transition: "npm:2 - 3"
  checksum: ee2036479049e70d8c783d594c444fe00e398246048e3f11a59755cd0e21de62ece3126181b0d7a31bf37bcf32fd726f83ae7dea4495ff86ec7736ce5ad36fd3
  languageName: node
  linkType: hard

"d3@npm:^7.4.0, d3@npm:^7.8.2":
  version: 7.9.0
  resolution: "d3@npm:7.9.0"
  dependencies:
    d3-array: "npm:3"
    d3-axis: "npm:3"
    d3-brush: "npm:3"
    d3-chord: "npm:3"
    d3-color: "npm:3"
    d3-contour: "npm:4"
    d3-delaunay: "npm:6"
    d3-dispatch: "npm:3"
    d3-drag: "npm:3"
    d3-dsv: "npm:3"
    d3-ease: "npm:3"
    d3-fetch: "npm:3"
    d3-force: "npm:3"
    d3-format: "npm:3"
    d3-geo: "npm:3"
    d3-hierarchy: "npm:3"
    d3-interpolate: "npm:3"
    d3-path: "npm:3"
    d3-polygon: "npm:3"
    d3-quadtree: "npm:3"
    d3-random: "npm:3"
    d3-scale: "npm:4"
    d3-scale-chromatic: "npm:3"
    d3-selection: "npm:3"
    d3-shape: "npm:3"
    d3-time: "npm:3"
    d3-time-format: "npm:4"
    d3-timer: "npm:3"
    d3-transition: "npm:3"
    d3-zoom: "npm:3"
  checksum: 3dd9c08c73cfaa69c70c49e603c85e049c3904664d9c79a1a52a0f52795828a1ff23592dc9a7b2257e711d68a615472a13103c212032f38e016d609796e087e8
  languageName: node
  linkType: hard

"dagre-d3-es@npm:7.0.10":
  version: 7.0.10
  resolution: "dagre-d3-es@npm:7.0.10"
  dependencies:
    d3: "npm:^7.8.2"
    lodash-es: "npm:^4.17.21"
  checksum: 3e1bb6efe9a78cea3fe6ff265eb330692f057bf84c99d6a1d67db379231c37a1a1ca2e1ccc25a732ddf924cd5566062c033d88defd230debec324dc9256c6775
  languageName: node
  linkType: hard

"dayjs@npm:^1.11.7":
  version: 1.11.11
  resolution: "dayjs@npm:1.11.11"
  checksum: 0131d10516b9945f05a57e13f4af49a6814de5573a494824e103131a3bbe4cc470b1aefe8e17e51f9a478a22cd116084be1ee5725cedb66ec4c3f9091202dc4b
  languageName: node
  linkType: hard

"debug@npm:^4.0.0":
  version: 4.3.5
  resolution: "debug@npm:4.3.5"
  dependencies:
    ms: "npm:2.1.2"
  peerDependenciesMeta:
    supports-color:
      optional: true
  checksum: 082c375a2bdc4f4469c99f325ff458adad62a3fc2c482d59923c260cb08152f34e2659f72b3767db8bb2f21ca81a60a42d1019605a412132d7b9f59363a005cc
  languageName: node
  linkType: hard

"decode-named-character-reference@npm:^1.0.0":
  version: 1.0.2
  resolution: "decode-named-character-reference@npm:1.0.2"
  dependencies:
    character-entities: "npm:^2.0.0"
  checksum: 66a9fc5d9b5385a2b3675c69ba0d8e893393d64057f7dbbb585265bb4fc05ec513d76943b8e5aac7d8016d20eea4499322cbf4cd6d54b466976b78f3a7587a4c
  languageName: node
  linkType: hard

"delaunator@npm:5":
  version: 5.0.1
  resolution: "delaunator@npm:5.0.1"
  dependencies:
    robust-predicates: "npm:^3.0.2"
  checksum: 3d7ea4d964731c5849af33fec0a271bc6753487b331fd7d43ccb17d77834706e1c383e6ab8fda0032da955e7576d1083b9603cdaf9cbdfd6b3ebd1fb8bb675a5
  languageName: node
  linkType: hard

"dequal@npm:^2.0.0":
  version: 2.0.3
  resolution: "dequal@npm:2.0.3"
  checksum: f98860cdf58b64991ae10205137c0e97d384c3a4edc7f807603887b7c4b850af1224a33d88012009f150861cbee4fa2d322c4cc04b9313bee312e47f6ecaa888
  languageName: node
  linkType: hard

"diff@npm:^5.0.0":
  version: 5.2.0
  resolution: "diff@npm:5.2.0"
  checksum: aed0941f206fe261ecb258dc8d0ceea8abbde3ace5827518ff8d302f0fc9cc81ce116c4d8f379151171336caf0516b79e01abdc1ed1201b6440d895a66689eb4
  languageName: node
  linkType: hard

"dompurify@npm:^3.0.5":
  version: 3.1.5
  resolution: "dompurify@npm:3.1.5"
  checksum: 8227fb1328c02d94f823de8cd499fca5ee07051e03e6b52bce06b592348aeb6e56ea8e2a4b0a9cfaeac7d623e4b5a52e4326aedf72596a6c2510b88dfcf2a2b6
  languageName: node
  linkType: hard

"elkjs@npm:^0.9.0":
  version: 0.9.3
  resolution: "elkjs@npm:0.9.3"
  checksum: caf544ff4fce8442d1d3dd6dface176c9b2fe26fc1e34f56122828e6eef7d2d7fe70d3202f9f3ecf0feb6287d4c8430949f483e63e450a7454bb39ccffab3808
  languageName: node
  linkType: hard

"esbuild@npm:^0.21.5":
  version: 0.21.5
  resolution: "esbuild@npm:0.21.5"
  dependencies:
    "@esbuild/aix-ppc64": "npm:0.21.5"
    "@esbuild/android-arm": "npm:0.21.5"
    "@esbuild/android-arm64": "npm:0.21.5"
    "@esbuild/android-x64": "npm:0.21.5"
    "@esbuild/darwin-arm64": "npm:0.21.5"
    "@esbuild/darwin-x64": "npm:0.21.5"
    "@esbuild/freebsd-arm64": "npm:0.21.5"
    "@esbuild/freebsd-x64": "npm:0.21.5"
    "@esbuild/linux-arm": "npm:0.21.5"
    "@esbuild/linux-arm64": "npm:0.21.5"
    "@esbuild/linux-ia32": "npm:0.21.5"
    "@esbuild/linux-loong64": "npm:0.21.5"
    "@esbuild/linux-mips64el": "npm:0.21.5"
    "@esbuild/linux-ppc64": "npm:0.21.5"
    "@esbuild/linux-riscv64": "npm:0.21.5"
    "@esbuild/linux-s390x": "npm:0.21.5"
    "@esbuild/linux-x64": "npm:0.21.5"
    "@esbuild/netbsd-x64": "npm:0.21.5"
    "@esbuild/openbsd-x64": "npm:0.21.5"
    "@esbuild/sunos-x64": "npm:0.21.5"
    "@esbuild/win32-arm64": "npm:0.21.5"
    "@esbuild/win32-ia32": "npm:0.21.5"
    "@esbuild/win32-x64": "npm:0.21.5"
  dependenciesMeta:
    "@esbuild/aix-ppc64":
      optional: true
    "@esbuild/android-arm":
      optional: true
    "@esbuild/android-arm64":
      optional: true
    "@esbuild/android-x64":
      optional: true
    "@esbuild/darwin-arm64":
      optional: true
    "@esbuild/darwin-x64":
      optional: true
    "@esbuild/freebsd-arm64":
      optional: true
    "@esbuild/freebsd-x64":
      optional: true
    "@esbuild/linux-arm":
      optional: true
    "@esbuild/linux-arm64":
      optional: true
    "@esbuild/linux-ia32":
      optional: true
    "@esbuild/linux-loong64":
      optional: true
    "@esbuild/linux-mips64el":
      optional: true
    "@esbuild/linux-ppc64":
      optional: true
    "@esbuild/linux-riscv64":
      optional: true
    "@esbuild/linux-s390x":
      optional: true
    "@esbuild/linux-x64":
      optional: true
    "@esbuild/netbsd-x64":
      optional: true
    "@esbuild/openbsd-x64":
      optional: true
    "@esbuild/sunos-x64":
      optional: true
    "@esbuild/win32-arm64":
      optional: true
    "@esbuild/win32-ia32":
      optional: true
    "@esbuild/win32-x64":
      optional: true
  bin:
    esbuild: bin/esbuild
  checksum: fa08508adf683c3f399e8a014a6382a6b65542213431e26206c0720e536b31c09b50798747c2a105a4bbba1d9767b8d3615a74c2f7bf1ddf6d836cd11eb672de
  languageName: node
  linkType: hard

"iconv-lite@npm:0.6":
  version: 0.6.3
  resolution: "iconv-lite@npm:0.6.3"
  dependencies:
    safer-buffer: "npm:>= 2.1.2 < 3.0.0"
  checksum: 98102bc66b33fcf5ac044099d1257ba0b7ad5e3ccd3221f34dd508ab4070edff183276221684e1e0555b145fce0850c9f7d2b60a9fcac50fbb4ea0d6e845a3b1
  languageName: node
  linkType: hard

"internmap@npm:1 - 2":
  version: 2.0.3
  resolution: "internmap@npm:2.0.3"
  checksum: 8cedd57f07bbc22501516fbfc70447f0c6812871d471096fad9ea603516eacc2137b633633daf432c029712df0baefd793686388ddf5737e3ea15074b877f7ed
  languageName: node
  linkType: hard

"internmap@npm:^1.0.0":
  version: 1.0.1
  resolution: "internmap@npm:1.0.1"
  checksum: 60942be815ca19da643b6d4f23bd0bf4e8c97abbd080fb963fe67583b60bdfb3530448ad4486bae40810e92317bded9995cc31411218acc750d72cd4e8646eee
  languageName: node
  linkType: hard

"katex@npm:^0.16.9":
  version: 0.16.10
  resolution: "katex@npm:0.16.10"
  dependencies:
    commander: "npm:^8.3.0"
  bin:
    katex: cli.js
  checksum: b465213157e5245bbb31ff6563c33ae81807c06d6f2246325b3a2397497e8929a34eebbb262f5e0991ec00fbc0cc85f388246e6dfc38ec86c28d3e481cb70afa
  languageName: node
  linkType: hard

"khroma@npm:^2.0.0":
  version: 2.1.0
  resolution: "khroma@npm:2.1.0"
  checksum: 634d98753ff5d2540491cafeb708fc98de0d43f4e6795256d5c8f6e3ad77de93049ea41433928fda3697adf7bbe6fe27351858f6d23b78f8b5775ef314c59891
  languageName: node
  linkType: hard

"kleur@npm:^4.0.3":
  version: 4.1.5
  resolution: "kleur@npm:4.1.5"
  checksum: e9de6cb49657b6fa70ba2d1448fd3d691a5c4370d8f7bbf1c2f64c24d461270f2117e1b0afe8cb3114f13bbd8e51de158c2a224953960331904e636a5e4c0f2a
  languageName: node
  linkType: hard

"layout-base@npm:^1.0.0":
  version: 1.0.2
  resolution: "layout-base@npm:1.0.2"
  checksum: 2a55d0460fd9f6ed53d7e301b9eb3dea19bda03815d616a40665ce6dc75c1f4d62e1ca19a897da1cfaf6de1b91de59cd6f2f79ba1258f3d7fccc7d46ca7f3337
  languageName: node
  linkType: hard

"llmops-handbook@workspace:.":
  version: 0.0.0-use.local
  resolution: "llmops-handbook@workspace:."
  dependencies:
    "@hotwired/stimulus": "npm:^3.2.2"
    "@hotwired/turbo": "npm:^8.0.4"
    "@types/hotwired__turbo": "npm:^8"
    esbuild: "npm:^0.21.5"
    mermaid: "npm:^10.9.1"
    tslib: "npm:^2.6.3"
    typescript: "npm:^5.5.2"
  languageName: unknown
  linkType: soft

"lodash-es@npm:^4.17.21":
  version: 4.17.21
  resolution: "lodash-es@npm:4.17.21"
  checksum: fb407355f7e6cd523a9383e76e6b455321f0f153a6c9625e21a8827d10c54c2a2341bd2ae8d034358b60e07325e1330c14c224ff582d04612a46a4f0479ff2f2
  languageName: node
  linkType: hard

"mdast-util-from-markdown@npm:^1.3.0":
  version: 1.3.1
  resolution: "mdast-util-from-markdown@npm:1.3.1"
  dependencies:
    "@types/mdast": "npm:^3.0.0"
    "@types/unist": "npm:^2.0.0"
    decode-named-character-reference: "npm:^1.0.0"
    mdast-util-to-string: "npm:^3.1.0"
    micromark: "npm:^3.0.0"
    micromark-util-decode-numeric-character-reference: "npm:^1.0.0"
    micromark-util-decode-string: "npm:^1.0.0"
    micromark-util-normalize-identifier: "npm:^1.0.0"
    micromark-util-symbol: "npm:^1.0.0"
    micromark-util-types: "npm:^1.0.0"
    unist-util-stringify-position: "npm:^3.0.0"
    uvu: "npm:^0.5.0"
  checksum: f4e901bf2a2e93fe35a339e0cff581efacce2f7117cd5652e9a270847bd7e2508b3e717b7b4156af54d4f896d63033e06ff9fafbf59a1d46fe17dd5e2a3f7846
  languageName: node
  linkType: hard

"mdast-util-to-string@npm:^3.1.0":
  version: 3.2.0
  resolution: "mdast-util-to-string@npm:3.2.0"
  dependencies:
    "@types/mdast": "npm:^3.0.0"
  checksum: 112f4bf0f6758dcb95deffdcf37afba7eaecdfe2ee13252de031723094d4d55220e147326690a8b91244758e2d678e7aeb1fdd0fa6ef3317c979bc42effd9a21
  languageName: node
  linkType: hard

"mermaid@npm:^10.9.1":
  version: 10.9.1
  resolution: "mermaid@npm:10.9.1"
  dependencies:
    "@braintree/sanitize-url": "npm:^6.0.1"
    "@types/d3-scale": "npm:^4.0.3"
    "@types/d3-scale-chromatic": "npm:^3.0.0"
    cytoscape: "npm:^3.28.1"
    cytoscape-cose-bilkent: "npm:^4.1.0"
    d3: "npm:^7.4.0"
    d3-sankey: "npm:^0.12.3"
    dagre-d3-es: "npm:7.0.10"
    dayjs: "npm:^1.11.7"
    dompurify: "npm:^3.0.5"
    elkjs: "npm:^0.9.0"
    katex: "npm:^0.16.9"
    khroma: "npm:^2.0.0"
    lodash-es: "npm:^4.17.21"
    mdast-util-from-markdown: "npm:^1.3.0"
    non-layered-tidy-tree-layout: "npm:^2.0.2"
    stylis: "npm:^4.1.3"
    ts-dedent: "npm:^2.2.0"
    uuid: "npm:^9.0.0"
    web-worker: "npm:^1.2.0"
  checksum: 034f326682e3e478e4bd85e418cfef00773db4432301b858247c8d4bf813e67fa1901e8548fc490eafe4c9c215c9fb96dead73007ff317ee99973cf4f63c8791
  languageName: node
  linkType: hard

"micromark-core-commonmark@npm:^1.0.1":
  version: 1.1.0
  resolution: "micromark-core-commonmark@npm:1.1.0"
  dependencies:
    decode-named-character-reference: "npm:^1.0.0"
    micromark-factory-destination: "npm:^1.0.0"
    micromark-factory-label: "npm:^1.0.0"
    micromark-factory-space: "npm:^1.0.0"
    micromark-factory-title: "npm:^1.0.0"
    micromark-factory-whitespace: "npm:^1.0.0"
    micromark-util-character: "npm:^1.0.0"
    micromark-util-chunked: "npm:^1.0.0"
    micromark-util-classify-character: "npm:^1.0.0"
    micromark-util-html-tag-name: "npm:^1.0.0"
    micromark-util-normalize-identifier: "npm:^1.0.0"
    micromark-util-resolve-all: "npm:^1.0.0"
    micromark-util-subtokenize: "npm:^1.0.0"
    micromark-util-symbol: "npm:^1.0.0"
    micromark-util-types: "npm:^1.0.1"
    uvu: "npm:^0.5.0"
  checksum: b3bf7b7004ce7dbb3ae151dcca4db1d12546f1b943affb2418da4b90b9ce59357373c433ee2eea4c868aee0791dafa355aeed19f5ef2b0acaf271f32f1ecbe6a
  languageName: node
  linkType: hard

"micromark-factory-destination@npm:^1.0.0":
  version: 1.1.0
  resolution: "micromark-factory-destination@npm:1.1.0"
  dependencies:
    micromark-util-character: "npm:^1.0.0"
    micromark-util-symbol: "npm:^1.0.0"
    micromark-util-types: "npm:^1.0.0"
  checksum: 71ebd9089bf0c9689b98ef42215c04032ae2701ae08c3546b663628553255dca18e5310dbdacddad3acd8de4f12a789835fff30dadc4da3c4e30387a75e6b488
  languageName: node
  linkType: hard

"micromark-factory-label@npm:^1.0.0":
  version: 1.1.0
  resolution: "micromark-factory-label@npm:1.1.0"
  dependencies:
    micromark-util-character: "npm:^1.0.0"
    micromark-util-symbol: "npm:^1.0.0"
    micromark-util-types: "npm:^1.0.0"
    uvu: "npm:^0.5.0"
  checksum: 5e2cd2d8214bb92a34dfcedf9c7aecf565e3648650a3a6a0495ededf15f2318dd214dc069e3026402792cd5839d395313f8ef9c2e86ca34a8facaa0f75a77753
  languageName: node
  linkType: hard

"micromark-factory-space@npm:^1.0.0":
  version: 1.1.0
  resolution: "micromark-factory-space@npm:1.1.0"
  dependencies:
    micromark-util-character: "npm:^1.0.0"
    micromark-util-types: "npm:^1.0.0"
  checksum: 3da81187ce003dd4178c7adc4674052fb8befc8f1a700ae4c8227755f38581a4ae963866dc4857488d62d1dc9837606c9f2f435fa1332f62a0f1c49b83c6a822
  languageName: node
  linkType: hard

"micromark-factory-title@npm:^1.0.0":
  version: 1.1.0
  resolution: "micromark-factory-title@npm:1.1.0"
  dependencies:
    micromark-factory-space: "npm:^1.0.0"
    micromark-util-character: "npm:^1.0.0"
    micromark-util-symbol: "npm:^1.0.0"
    micromark-util-types: "npm:^1.0.0"
  checksum: cf8c687d1d5c3928846a4791d4a7e2f1d7bdd2397051e20d60f06b7565a48bf85198ab6f85735e997ab3f0cbb80b8b6391f4f7ebc0aae2f2f8c3a08541257bf6
  languageName: node
  linkType: hard

"micromark-factory-whitespace@npm:^1.0.0":
  version: 1.1.0
  resolution: "micromark-factory-whitespace@npm:1.1.0"
  dependencies:
    micromark-factory-space: "npm:^1.0.0"
    micromark-util-character: "npm:^1.0.0"
    micromark-util-symbol: "npm:^1.0.0"
    micromark-util-types: "npm:^1.0.0"
  checksum: 7248cc4534f9befb38c6f398b6e38efd3199f1428fc214c9cb7ed5b6e9fa7a82c0d8cdfa9bcacde62887c9a7c8c46baf5c318b2ae8f701afbccc8ad702e92dce
  languageName: node
  linkType: hard

"micromark-util-character@npm:^1.0.0":
  version: 1.2.0
  resolution: "micromark-util-character@npm:1.2.0"
  dependencies:
    micromark-util-symbol: "npm:^1.0.0"
    micromark-util-types: "npm:^1.0.0"
  checksum: 3390a675a50731b58a8e5493cd802e190427f10fa782079b455b00f6b54e406e36882df7d4a3bd32b709f7a2c3735b4912597ebc1c0a99566a8d8d0b816e2cd4
  languageName: node
  linkType: hard

"micromark-util-chunked@npm:^1.0.0":
  version: 1.1.0
  resolution: "micromark-util-chunked@npm:1.1.0"
  dependencies:
    micromark-util-symbol: "npm:^1.0.0"
  checksum: 59534cf4aaf481ed58d65478d00eae0080df9b5816673f79b5ddb0cea263e5a9ee9cbb6cc565daf1eb3c8c4ff86fc4e25d38a0577539655cda823a4249efd358
  languageName: node
  linkType: hard

"micromark-util-classify-character@npm:^1.0.0":
  version: 1.1.0
  resolution: "micromark-util-classify-character@npm:1.1.0"
  dependencies:
    micromark-util-character: "npm:^1.0.0"
    micromark-util-symbol: "npm:^1.0.0"
    micromark-util-types: "npm:^1.0.0"
  checksum: 3266453dc0fdaf584e24c9b3c91d1ed180f76b5856699c51fd2549305814fcab7ec52afb4d3e83d002a9115cd2d2b2ffdc9c0b38ed85120822bf515cc00636ec
  languageName: node
  linkType: hard

"micromark-util-combine-extensions@npm:^1.0.0":
  version: 1.1.0
  resolution: "micromark-util-combine-extensions@npm:1.1.0"
  dependencies:
    micromark-util-chunked: "npm:^1.0.0"
    micromark-util-types: "npm:^1.0.0"
  checksum: 0bc572fab3fe77f533c29aa1b75cb847b9fc9455f67a98623ef9740b925c0b0426ad9f09bbb56f1e844ea9ebada7873d1f06d27f7c979a917692b273c4b69e31
  languageName: node
  linkType: hard

"micromark-util-decode-numeric-character-reference@npm:^1.0.0":
  version: 1.1.0
  resolution: "micromark-util-decode-numeric-character-reference@npm:1.1.0"
  dependencies:
    micromark-util-symbol: "npm:^1.0.0"
  checksum: 64ef2575e3fc2426976c19e16973348f20b59ddd5543f1467ac2e251f29e0a91f12089703d29ae985b0b9a408ee0d72f06d04ed3920811aa2402aabca3bdf9e4
  languageName: node
  linkType: hard

"micromark-util-decode-string@npm:^1.0.0":
  version: 1.1.0
  resolution: "micromark-util-decode-string@npm:1.1.0"
  dependencies:
    decode-named-character-reference: "npm:^1.0.0"
    micromark-util-character: "npm:^1.0.0"
    micromark-util-decode-numeric-character-reference: "npm:^1.0.0"
    micromark-util-symbol: "npm:^1.0.0"
  checksum: 757a0aaa5ad6c50c7480bd75371d407ac75f5022cd4404aba07adadf1448189502aea9bb7b2d09d25e18745e0abf72b95506b6beb184bcccabe919e48e3a5df7
  languageName: node
  linkType: hard

"micromark-util-encode@npm:^1.0.0":
  version: 1.1.0
  resolution: "micromark-util-encode@npm:1.1.0"
  checksum: 9878c9bc96999d45626a7597fffac85348ea842dce75d2417345cbf070a9941c62477bd0963bef37d4f0fd29f2982be6ddf416d62806f00ccb334af9d6ee87e7
  languageName: node
  linkType: hard

"micromark-util-html-tag-name@npm:^1.0.0":
  version: 1.2.0
  resolution: "micromark-util-html-tag-name@npm:1.2.0"
  checksum: 15421869678d36b4fe51df453921e8186bff514a14e9f79f32b7e1cdd67874e22a66ad34a7f048dd132cbbbfc7c382ae2f777a2bfd1f245a47705dc1c6d4f199
  languageName: node
  linkType: hard

"micromark-util-normalize-identifier@npm:^1.0.0":
  version: 1.1.0
  resolution: "micromark-util-normalize-identifier@npm:1.1.0"
  dependencies:
    micromark-util-symbol: "npm:^1.0.0"
  checksum: a9657321a2392584e4d978061882117a84db7d2c2c1c052c0f5d25da089d463edb9f956d5beaf7f5768984b6f72d046d59b5972951ec7bf25397687a62b8278a
  languageName: node
  linkType: hard

"micromark-util-resolve-all@npm:^1.0.0":
  version: 1.1.0
  resolution: "micromark-util-resolve-all@npm:1.1.0"
  dependencies:
    micromark-util-types: "npm:^1.0.0"
  checksum: b5c95484c06e87bbbb60d8430eb030a458733a5270409f4c67892d1274737087ca6a7ca888987430e57cf1dcd44bb16390d3b3936a2bf07f7534ec8f52ce43c9
  languageName: node
  linkType: hard

"micromark-util-sanitize-uri@npm:^1.0.0":
  version: 1.2.0
  resolution: "micromark-util-sanitize-uri@npm:1.2.0"
  dependencies:
    micromark-util-character: "npm:^1.0.0"
    micromark-util-encode: "npm:^1.0.0"
    micromark-util-symbol: "npm:^1.0.0"
  checksum: dbdb98248e9f0408c7a00f1c1cd805775b41d213defd659533835f34b38da38e8f990bf7b3f782e96bffbc549aec9c3ecdab197d4ad5adbfe08f814a70327b6e
  languageName: node
  linkType: hard

"micromark-util-subtokenize@npm:^1.0.0":
  version: 1.1.0
  resolution: "micromark-util-subtokenize@npm:1.1.0"
  dependencies:
    micromark-util-chunked: "npm:^1.0.0"
    micromark-util-symbol: "npm:^1.0.0"
    micromark-util-types: "npm:^1.0.0"
    uvu: "npm:^0.5.0"
  checksum: f292b1b162845db50d36255c9d4c4c6d47931fbca3ac98a80c7e536d2163233fd662f8ca0479ee2b80f145c66a1394c7ed17dfce801439741211015e77e3901e
  languageName: node
  linkType: hard

"micromark-util-symbol@npm:^1.0.0":
  version: 1.1.0
  resolution: "micromark-util-symbol@npm:1.1.0"
  checksum: 10ceaed33a90e6bfd3a5d57053dbb53f437d4809cc11430b5a09479c0ba601577059be9286df4a7eae6e350a60a2575dc9fa9d9872b5b8d058c875e075c33803
  languageName: node
  linkType: hard

"micromark-util-types@npm:^1.0.0, micromark-util-types@npm:^1.0.1":
  version: 1.1.0
  resolution: "micromark-util-types@npm:1.1.0"
  checksum: a9749cb0a12a252ff536baabcb7012421b6fad4d91a5fdd80d7b33dc7b4c22e2d0c4637dfe5b902d00247fe6c9b01f4a24fce6b572b16ccaa4da90e6ce2a11e4
  languageName: node
  linkType: hard

"micromark@npm:^3.0.0":
  version: 3.2.0
  resolution: "micromark@npm:3.2.0"
  dependencies:
    "@types/debug": "npm:^4.0.0"
    debug: "npm:^4.0.0"
    decode-named-character-reference: "npm:^1.0.0"
    micromark-core-commonmark: "npm:^1.0.1"
    micromark-factory-space: "npm:^1.0.0"
    micromark-util-character: "npm:^1.0.0"
    micromark-util-chunked: "npm:^1.0.0"
    micromark-util-combine-extensions: "npm:^1.0.0"
    micromark-util-decode-numeric-character-reference: "npm:^1.0.0"
    micromark-util-encode: "npm:^1.0.0"
    micromark-util-normalize-identifier: "npm:^1.0.0"
    micromark-util-resolve-all: "npm:^1.0.0"
    micromark-util-sanitize-uri: "npm:^1.0.0"
    micromark-util-subtokenize: "npm:^1.0.0"
    micromark-util-symbol: "npm:^1.0.0"
    micromark-util-types: "npm:^1.0.1"
    uvu: "npm:^0.5.0"
  checksum: f243e805d1b3cc699fddae2de0b1492bc82462f1a709d7ae5c82039f88b1e009c959100184717e748be057b5f88603289d5681679a4e6fbabcd037beb34bc744
  languageName: node
  linkType: hard

"mri@npm:^1.1.0":
  version: 1.2.0
  resolution: "mri@npm:1.2.0"
  checksum: a3d32379c2554cf7351db6237ddc18dc9e54e4214953f3da105b97dc3babe0deb3ffe99cf409b38ea47cc29f9430561ba6b53b24ab8f9ce97a4b50409e4a50e7
  languageName: node
  linkType: hard

"ms@npm:2.1.2":
  version: 2.1.2
  resolution: "ms@npm:2.1.2"
  checksum: a437714e2f90dbf881b5191d35a6db792efbca5badf112f87b9e1c712aace4b4b9b742dd6537f3edf90fd6f684de897cec230abde57e87883766712ddda297cc
  languageName: node
  linkType: hard

"non-layered-tidy-tree-layout@npm:^2.0.2":
  version: 2.0.2
  resolution: "non-layered-tidy-tree-layout@npm:2.0.2"
  checksum: 73856e9959667193e733a7ef2b06a69421f4d9d7428a3982ce39763cd979a04eed0007f2afb3414afa3f6dc4dc6b5c850c2af9aa71a974475236a465093ec9c7
  languageName: node
  linkType: hard

"robust-predicates@npm:^3.0.2":
  version: 3.0.2
  resolution: "robust-predicates@npm:3.0.2"
  checksum: 4ecd53649f1c2d49529c85518f2fa69ffb2f7a4453f7fd19c042421c7b4d76c3efb48bc1c740c8f7049346d7cb58cf08ee0c9adaae595cc23564d360adb1fde4
  languageName: node
  linkType: hard

"rw@npm:1":
  version: 1.3.3
  resolution: "rw@npm:1.3.3"
  checksum: b1e1ef37d1e79d9dc7050787866e30b6ddcb2625149276045c262c6b4d53075ddc35f387a856a8e76f0d0df59f4cd58fe24707e40797ebee66e542b840ed6a53
  languageName: node
  linkType: hard

"sade@npm:^1.7.3":
  version: 1.8.1
  resolution: "sade@npm:1.8.1"
  dependencies:
    mri: "npm:^1.1.0"
  checksum: da8a3a5d667ad5ce3bf6d4f054bbb9f711103e5df21003c5a5c1a8a77ce12b640ed4017dd423b13c2307ea7e645adee7c2ae3afe8051b9db16a6f6d3da3f90b1
  languageName: node
  linkType: hard

"safer-buffer@npm:>= 2.1.2 < 3.0.0":
  version: 2.1.2
  resolution: "safer-buffer@npm:2.1.2"
  checksum: 7e3c8b2e88a1841c9671094bbaeebd94448111dd90a81a1f606f3f67708a6ec57763b3b47f06da09fc6054193e0e6709e77325415dc8422b04497a8070fa02d4
  languageName: node
  linkType: hard

"stylis@npm:^4.1.3":
  version: 4.3.2
  resolution: "stylis@npm:4.3.2"
  checksum: 0410e1404cbeee3388a9e17587875211ce2f014c8379af0d1e24ca55878867c9f1ccc7b0ce9a156ca53f5d6e301391a82b0645522a604674a378b3189a4a1994
  languageName: node
  linkType: hard

"ts-dedent@npm:^2.2.0":
  version: 2.2.0
  resolution: "ts-dedent@npm:2.2.0"
  checksum: 175adea838468cc2ff7d5e97f970dcb798bbcb623f29c6088cb21aa2880d207c5784be81ab1741f56b9ac37840cbaba0c0d79f7f8b67ffe61c02634cafa5c303
  languageName: node
  linkType: hard

"tslib@npm:^2.6.3":
  version: 2.6.3
  resolution: "tslib@npm:2.6.3"
  checksum: 2598aef53d9dbe711af75522464b2104724d6467b26a60f2bdac8297d2b5f1f6b86a71f61717384aa8fd897240467aaa7bcc36a0700a0faf751293d1331db39a
  languageName: node
  linkType: hard

"typescript@npm:^5.5.2":
  version: 5.5.2
  resolution: "typescript@npm:5.5.2"
  bin:
    tsc: bin/tsc
    tsserver: bin/tsserver
  checksum: 8ca39b27b5f9bd7f32db795045933ab5247897660627251e8254180b792a395bf061ea7231947d5d7ffa5cb4cc771970fd4ef543275f9b559f08c9325cccfce3
  languageName: node
  linkType: hard

"typescript@patch:typescript@npm%3A^5.5.2#optional!builtin<compat/typescript>":
  version: 5.5.2
  resolution: "typescript@patch:typescript@npm%3A5.5.2#optional!builtin<compat/typescript>::version=5.5.2&hash=e012d7"
  bin:
    tsc: bin/tsc
    tsserver: bin/tsserver
  checksum: 6721ac8933a70c252d7b640b345792e103d881811ff660355617c1836526dbb71c2044e2e77a8823fb3570b469f33276875a4cab6d3c4de4ae7d7ee1c3074ae4
  languageName: node
  linkType: hard

"unist-util-stringify-position@npm:^3.0.0":
  version: 3.0.3
  resolution: "unist-util-stringify-position@npm:3.0.3"
  dependencies:
    "@types/unist": "npm:^2.0.0"
  checksum: 14550027825230528f6437dad7f2579a841780318569851291be6c8a970bae6f65a7feb24dabbcfce0e5e68cacae85bf12cbda3f360f7c873b4db602bdf7bb21
  languageName: node
  linkType: hard

"uuid@npm:^9.0.0":
  version: 9.0.1
  resolution: "uuid@npm:9.0.1"
  bin:
    uuid: dist/bin/uuid
  checksum: 1607dd32ac7fc22f2d8f77051e6a64845c9bce5cd3dd8aa0070c074ec73e666a1f63c7b4e0f4bf2bc8b9d59dc85a15e17807446d9d2b17c8485fbc2147b27f9b
  languageName: node
  linkType: hard

"uvu@npm:^0.5.0":
  version: 0.5.6
  resolution: "uvu@npm:0.5.6"
  dependencies:
    dequal: "npm:^2.0.0"
    diff: "npm:^5.0.0"
    kleur: "npm:^4.0.3"
    sade: "npm:^1.7.3"
  bin:
    uvu: bin.js
  checksum: ad32eb5f7d94bdeb71f80d073003f0138e24f61ed68cecc8e15d2f30838f44c9670577bb1775c8fac894bf93d1bc1583d470a9195e49bfa6efa14cc6f4942bff
  languageName: node
  linkType: hard

"web-worker@npm:^1.2.0":
  version: 1.3.0
  resolution: "web-worker@npm:1.3.0"
  checksum: bca341b421f07c2d33aa205d463e6a2d3d376fb0628a01052dc343fd88a1d688df58d1c7fe36f631d0d860bbd3060f5014cca67d6f8781634b6c2fae25d1fc70
  languageName: node
  linkType: hard
